
Microsoft Visual Studio Solution File, Format Version 12.00
# Visual Studio 14
VisualStudioVersion = 14.0.25420.1
MinimumVisualStudioVersion = 10.0.40219.1
Project("{8BC9CEB8-8B4A-11D0-8D11-00A0C91BC942}") = "color_bt2020nc", "color_bt2020nc\color_bt2020nc.vcxproj", "{85A6A6F2-C2B7-46DD-980B-D93430A3ECF0}"
EndProject
Project("{8BC9CEB8-8B4A-11D0-8D11-00A0C91BC942}") = "color_bt2020nc_test", "color_bt2020nc_test\color_bt2020nc_test.vcxproj", "{D2D0C553-CBBF-45BB-9A5F-9D97E7DFAAC8}"
EndProject
Project("{8BC9CEB8-8B4A-11D0-8D11-00A0C91BC942}") = "color_bt709", "color_bt709\color_bt709.vcxproj", "{7140581F-B0DD-4447-B6DF-36BC8586304D}"
EndProject
Project("{8BC9CEB8-8B4A-11D0-8D11-00A0C91BC942}") = "color_bt709_test", "color_bt709_test\color_bt709_test.vcxproj", "{DC3E4A0A-04A7-45E0-B719-05CAAB204F08}"
EndProject
Global
	GlobalSection(SolutionConfigurationPlatforms) = preSolution
		Debug|x64 = Debug|x64
		Debug|x86 = Debug|x86
		Release|x64 = Release|x64
		Release|x86 = Release|x86
	EndGlobalSection
	GlobalSection(ProjectConfigurationPlatforms) = postSolution
		{85A6A6F2-C2B7-46DD-980B-D93430A3ECF0}.Debug|x64.ActiveCfg = Debug|x64
		{85A6A6F2-C2B7-46DD-980B-D93430A3ECF0}.Debug|x64.Build.0 = Debug|x64
		{85A6A6F2-C2B7-46DD-980B-D93430A3ECF0}.Debug|x86.ActiveCfg = Debug|Win32
		{85A6A6F2-C2B7-46DD-980B-D93430A3ECF0}.Debug|x86.Build.0 = Debug|Win32
		{85A6A6F2-C2B7-46DD-980B-D93430A3ECF0}.Release|x64.ActiveCfg = Release|x64
		{85A6A6F2-C2B7-46DD-980B-D93430A3ECF0}.Release|x64.Build.0 = Release|x64
		{85A6A6F2-C2B7-46DD-980B-D93430A3ECF0}.Release|x86.ActiveCfg = Release|Win32
		{85A6A6F2-C2B7-46DD-980B-D93430A3ECF0}.Release|x86.Build.0 = Release|Win32
		{D2D0C553-CBBF-45BB-9A5F-9D97E7DFAAC8}.Debug|x64.ActiveCfg = Debug|x64
		{D2D0C553-CBBF-45BB-9A5F-9D97E7DFAAC8}.Debug|x64.Build.0 = Debug|x64
		{D2D0C553-CBBF-45BB-9A5F-9D97E7DFAAC8}.Debug|x86.ActiveCfg = Debug|Win32
		{D2D0C553-CBBF-45BB-9A5F-9D97E7DFAAC8}.Debug|x86.Build.0 = Debug|Win32
		{D2D0C553-CBBF-45BB-9A5F-9D97E7DFAAC8}.Release|x64.ActiveCfg = Release|x64
		{D2D0C553-CBBF-45BB-9A5F-9D97E7DFAAC8}.Release|x64.Build.0 = Release|x64
		{D2D0C553-CBBF-45BB-9A5F-9D97E7DFAAC8}.Release|x86.ActiveCfg = Release|Win32
		{D2D0C553-CBBF-45BB-9A5F-9D97E7DFAAC8}.Release|x86.Build.0 = Release|Win32
		{7140581F-B0DD-4447-B6DF-36BC8586304D}.Debug|x64.ActiveCfg = Debug|x64
		{7140581F-B0DD-4447-B6DF-36BC8586304D}.Debug|x64.Build.0 = Debug|x64
		{7140581F-B0DD-4447-B6DF-36BC8586304D}.Debug|x86.ActiveCfg = Debug|Win32
		{7140581F-B0DD-4447-B6DF-36BC8586304D}.Debug|x86.Build.0 = Debug|Win32
		{7140581F-B0DD-4447-B6DF-36BC8586304D}.Release|x64.ActiveCfg = Release|x64
		{7140581F-B0DD-4447-B6DF-36BC8586304D}.Release|x64.Build.0 = Release|x64
		{7140581F-B0DD-4447-B6DF-36BC8586304D}.Release|x86.ActiveCfg = Release|Win32
		{7140581F-B0DD-4447-B6DF-36BC8586304D}.Release|x86.Build.0 = Release|Win32
		{DC3E4A0A-04A7-45E0-B719-05CAAB204F08}.Debug|x64.ActiveCfg = Debug|x64
		{DC3E4A0A-04A7-45E0-B719-05CAAB204F08}.Debug|x64.Build.0 = Debug|x64
		{DC3E4A0A-04A7-45E0-B719-05CAAB204F08}.Debug|x86.ActiveCfg = Debug|Win32
		{DC3E4A0A-04A7-45E0-B719-05CAAB204F08}.Debug|x86.Build.0 = Debug|Win32
		{DC3E4A0A-04A7-45E0-B719-05CAAB204F08}.Release|x64.ActiveCfg = Release|x64
		{DC3E4A0A-04A7-45E0-B719-05CAAB204F08}.Release|x64.Build.0 = Release|x64
		{DC3E4A0A-04A7-45E0-B719-05CAAB204F08}.Release|x86.ActiveCfg = Release|Win32
		{DC3E4A0A-04A7-45E0-B719-05CAAB204F08}.Release|x86.Build.0 = Release|Win32
	EndGlobalSection
	GlobalSection(SolutionProperties) = preSolution
		HideSolutionNode = FALSE
	EndGlobalSection
EndGlobal
